{
  "name": "pw-testcryptowallet",
  "version": "1.0.0",
  "lockfileVersion": 2,
  "requires": true,
  "packages": {
    "": {
      "name": "pw-testcryptowallet",
      "version": "1.0.0",
      "license": "ISC",
      "devDependencies": {
        "@playwright/test": "^1.32.3",
        "playwright": "^1.32.3",
        "typescript": "^5.0.4"
      }
    },
    "node_modules/@playwright/test": {
      "version": "1.32.3",
      "resolved": "https://registry.npmjs.org/@playwright/test/-/test-1.32.3.tgz",
      "integrity": "sha512-BvWNvK0RfBriindxhLVabi8BRe3X0J9EVjKlcmhxjg4giWBD/xleLcg2dz7Tx0agu28rczjNIPQWznwzDwVsZQ==",
      "dev": true,
      "dependencies": {
        "@types/node": "*",
        "playwright-core": "1.32.3"
      },
      "bin": {
        "playwright": "cli.js"
      },
      "engines": {
        "node": ">=14"
      },
      "optionalDependencies": {
        "fsevents": "2.3.2"
      }
    },
    "node_modules/@types/node": {
      "version": "18.7.18",
      "resolved": "https://registry.npmjs.org/@types/node/-/node-18.7.18.tgz",
      "integrity": "sha512-m+6nTEOadJZuTPkKR/SYK3A2d7FZrgElol9UP1Kae90VVU4a6mxnPuLiIW1m4Cq4gZ/nWb9GrdVXJCoCazDAbg==",
      "dev": true
    },
    "node_modules/fsevents": {
      "version": "2.3.2",
      "resolved": "https://registry.npmjs.org/fsevents/-/fsevents-2.3.2.tgz",
      "integrity": "sha512-xiqMQR4xAeHTuB9uWm+fFRcIOgKBMiOBP+eXiyT7jsgVCq1bkVygt00oASowB7EdtpOHaaPgKt812P9ab+DDKA==",
      "dev": true,
      "hasInstallScript": true,
      "optional": true,
      "os": [
        "darwin"
      ],
      "engines": {
        "node": "^8.16.0 || ^10.6.0 || >=11.0.0"
      }
    },
    "node_modules/playwright": {
      "version": "1.32.3",
      "resolved": "https://registry.npmjs.org/playwright/-/playwright-1.32.3.tgz",
      "integrity": "sha512-h/ylpgoj6l/EjkfUDyx8cdOlfzC96itPpPe8BXacFkqpw/YsuxkpPyVbzEq4jw+bAJh5FLgh31Ljg2cR6HV3uw==",
      "dev": true,
      "hasInstallScript": true,
      "dependencies": {
        "playwright-core": "1.32.3"
      },
      "bin": {
        "playwright": "cli.js"
      },
      "engines": {
        "node": ">=14"
      }
    },
    "node_modules/playwright-core": {
      "version": "1.32.3",
      "resolved": "https://registry.npmjs.org/playwright-core/-/playwright-core-1.32.3.tgz",
      "integrity": "sha512-SB+cdrnu74ZIn5Ogh/8278ngEh9NEEV0vR4sJFmK04h2iZpybfbqBY0bX6+BLYWVdV12JLLI+JEFtSnYgR+mWg==",
      "dev": true,
      "bin": {
        "playwright": "cli.js"
      },
      "engines": {
        "node": ">=14"
      }
    },
    "node_modules/typescript": {
      "version": "5.0.4",
      "resolved": "https://registry.npmjs.org/typescript/-/typescript-5.0.4.tgz",
      "integrity": "sha512-cW9T5W9xY37cc+jfEnaUvX91foxtHkza3Nw3wkoF4sSlKn0MONdkdEndig/qPBWXNkmplh3NzayQzCiHM4/hqw==",
      "dev": true,
      "bin": {
        "tsc": "bin/tsc",
        "tsserver": "bin/tsserver"
      },
      "engines": {
        "node": ">=12.20"
      }
    }
  },
  "dependencies": {
    "@playwright/test": {
      "version": "1.32.3",
      "resolved": "https://registry.npmjs.org/@playwright/test/-/test-1.32.3.tgz",
      "integrity": "sha512-BvWNvK0RfBriindxhLVabi8BRe3X0J9EVjKlcmhxjg4giWBD/xleLcg2dz7Tx0agu28rczjNIPQWznwzDwVsZQ==",
      "dev": true,
      "requires": {
        "@types/node": "*",
        "fsevents": "2.3.2",
        "playwright-core": "1.32.3"
      }
    },
    "@types/node": {
      "version": "18.7.18",
      "resolved": "https://registry.npmjs.org/@types/node/-/node-18.7.18.tgz",
      "integrity": "sha512-m+6nTEOadJZuTPkKR/SYK3A2d7FZrgElol9UP1Kae90VVU4a6mxnPuLiIW1m4Cq4gZ/nWb9GrdVXJCoCazDAbg==",
      "dev": true
    },
    "fsevents": {
      "version": "2.3.2",
      "resolved": "https://registry.npmjs.org/fsevents/-/fsevents-2.3.2.tgz",
      "integrity": "sha512-xiqMQR4xAeHTuB9uWm+fFRcIOgKBMiOBP+eXiyT7jsgVCq1bkVygt00oASowB7EdtpOHaaPgKt812P9ab+DDKA==",
      "dev": true,
      "optional": true
    },
    "playwright": {
      "version": "1.32.3",
      "resolved": "https://registry.npmjs.org/playwright/-/playwright-1.32.3.tgz",
      "integrity": "sha512-h/ylpgoj6l/EjkfUDyx8cdOlfzC96itPpPe8BXacFkqpw/YsuxkpPyVbzEq4jw+bAJh5FLgh31Ljg2cR6HV3uw==",
      "dev": true,
      "requires": {
        "playwright-core": "1.32.3"
      }
    },
    "playwright-core": {
      "version": "1.32.3",
      "resolved": "https://registry.npmjs.org/playwright-core/-/playwright-core-1.32.3.tgz",
      "integrity": "sha512-SB+cdrnu74ZIn5Ogh/8278ngEh9NEEV0vR4sJFmK04h2iZpybfbqBY0bX6+BLYWVdV12JLLI+JEFtSnYgR+mWg==",
      "dev": true
    },
    "typescript": {
      "version": "5.0.4",
      "resolved": "https://registry.npmjs.org/typescript/-/typescript-5.0.4.tgz",
      "integrity": "sha512-cW9T5W9xY37cc+jfEnaUvX91foxtHkza3Nw3wkoF4sSlKn0MONdkdEndig/qPBWXNkmplh3NzayQzCiHM4/hqw==",
      "dev": true
    }
  }
}
