{
  "name": "pw-testcryptowallet",
  "version": "1.0.0",
  "lockfileVersion": 2,
  "requires": true,
  "packages": {
    "": {
      "name": "pw-testcryptowallet",
      "version": "1.0.0",
      "license": "ISC",
      "devDependencies": {
        "@playwright/test": "^1.46.0",
        "@types/node": "^22.0.2",
        "dotenv": "^16.4.5",
        "prettier": "^3.3.2",
        "typescript": "^5.5.3"
      }
    },
    "node_modules/@playwright/test": {
      "version": "1.46.0",
      "resolved": "https://registry.npmjs.org/@playwright/test/-/test-1.46.0.tgz",
      "integrity": "sha512-/QYft5VArOrGRP5pgkrfKksqsKA6CEFyGQ/gjNe6q0y4tZ1aaPfq4gIjudr1s3D+pXyrPRdsy4opKDrjBabE5w==",
      "dev": true,
      "dependencies": {
        "playwright": "1.46.0"
      },
      "bin": {
        "playwright": "cli.js"
      },
      "engines": {
        "node": ">=18"
      }
    },
    "node_modules/@types/node": {
      "version": "22.0.2",
      "resolved": "https://registry.npmjs.org/@types/node/-/node-22.0.2.tgz",
      "integrity": "sha512-yPL6DyFwY5PiMVEwymNeqUTKsDczQBJ/5T7W/46RwLU/VH+AA8aT5TZkvBviLKLbbm0hlfftEkGrNzfRk/fofQ==",
      "dev": true,
      "dependencies": {
        "undici-types": "~6.11.1"
      }
    },
    "node_modules/dotenv": {
      "version": "16.4.5",
      "resolved": "https://registry.npmjs.org/dotenv/-/dotenv-16.4.5.tgz",
      "integrity": "sha512-ZmdL2rui+eB2YwhsWzjInR8LldtZHGDoQ1ugH85ppHKwpUHL7j7rN0Ti9NCnGiQbhaZ11FpR+7ao1dNsmduNUg==",
      "dev": true,
      "engines": {
        "node": ">=12"
      },
      "funding": {
        "url": "https://dotenvx.com"
      }
    },
    "node_modules/fsevents": {
      "version": "2.3.2",
      "resolved": "https://registry.npmjs.org/fsevents/-/fsevents-2.3.2.tgz",
      "integrity": "sha512-xiqMQR4xAeHTuB9uWm+fFRcIOgKBMiOBP+eXiyT7jsgVCq1bkVygt00oASowB7EdtpOHaaPgKt812P9ab+DDKA==",
      "dev": true,
      "hasInstallScript": true,
      "optional": true,
      "os": [
        "darwin"
      ],
      "engines": {
        "node": "^8.16.0 || ^10.6.0 || >=11.0.0"
      }
    },
    "node_modules/playwright": {
      "version": "1.46.0",
      "resolved": "https://registry.npmjs.org/playwright/-/playwright-1.46.0.tgz",
      "integrity": "sha512-XYJ5WvfefWONh1uPAUAi0H2xXV5S3vrtcnXe6uAOgdGi3aSpqOSXX08IAjXW34xitfuOJsvXU5anXZxPSEQiJw==",
      "dev": true,
      "dependencies": {
        "playwright-core": "1.46.0"
      },
      "bin": {
        "playwright": "cli.js"
      },
      "engines": {
        "node": ">=18"
      },
      "optionalDependencies": {
        "fsevents": "2.3.2"
      }
    },
    "node_modules/playwright-core": {
      "version": "1.46.0",
      "resolved": "https://registry.npmjs.org/playwright-core/-/playwright-core-1.46.0.tgz",
      "integrity": "sha512-9Y/d5UIwuJk8t3+lhmMSAJyNP1BUC/DqP3cQJDQQL/oWqAiuPTLgy7Q5dzglmTLwcBRdetzgNM/gni7ckfTr6A==",
      "dev": true,
      "bin": {
        "playwright-core": "cli.js"
      },
      "engines": {
        "node": ">=18"
      }
    },
    "node_modules/prettier": {
      "version": "3.3.2",
      "resolved": "https://registry.npmjs.org/prettier/-/prettier-3.3.2.tgz",
      "integrity": "sha512-rAVeHYMcv8ATV5d508CFdn+8/pHPpXeIid1DdrPwXnaAdH7cqjVbpJaT5eq4yRAFU/lsbwYwSF/n5iNrdJHPQA==",
      "dev": true,
      "bin": {
        "prettier": "bin/prettier.cjs"
      },
      "engines": {
        "node": ">=14"
      },
      "funding": {
        "url": "https://github.com/prettier/prettier?sponsor=1"
      }
    },
    "node_modules/typescript": {
      "version": "5.5.3",
      "resolved": "https://registry.npmjs.org/typescript/-/typescript-5.5.3.tgz",
      "integrity": "sha512-/hreyEujaB0w76zKo6717l3L0o/qEUtRgdvUBvlkhoWeOVMjMuHNHk0BRBzikzuGDqNmPQbg5ifMEqsHLiIUcQ==",
      "dev": true,
      "bin": {
        "tsc": "bin/tsc",
        "tsserver": "bin/tsserver"
      },
      "engines": {
        "node": ">=14.17"
      }
    },
    "node_modules/undici-types": {
      "version": "6.11.1",
      "resolved": "https://registry.npmjs.org/undici-types/-/undici-types-6.11.1.tgz",
      "integrity": "sha512-mIDEX2ek50x0OlRgxryxsenE5XaQD4on5U2inY7RApK3SOJpofyw7uW2AyfMKkhAxXIceo2DeWGVGwyvng1GNQ==",
      "dev": true
    }
  },
  "dependencies": {
    "@playwright/test": {
      "version": "1.46.0",
      "resolved": "https://registry.npmjs.org/@playwright/test/-/test-1.46.0.tgz",
      "integrity": "sha512-/QYft5VArOrGRP5pgkrfKksqsKA6CEFyGQ/gjNe6q0y4tZ1aaPfq4gIjudr1s3D+pXyrPRdsy4opKDrjBabE5w==",
      "dev": true,
      "requires": {
        "playwright": "1.46.0"
      }
    },
    "@types/node": {
      "version": "22.0.2",
      "resolved": "https://registry.npmjs.org/@types/node/-/node-22.0.2.tgz",
      "integrity": "sha512-yPL6DyFwY5PiMVEwymNeqUTKsDczQBJ/5T7W/46RwLU/VH+AA8aT5TZkvBviLKLbbm0hlfftEkGrNzfRk/fofQ==",
      "dev": true,
      "requires": {
        "undici-types": "~6.11.1"
      }
    },
    "dotenv": {
      "version": "16.4.5",
      "resolved": "https://registry.npmjs.org/dotenv/-/dotenv-16.4.5.tgz",
      "integrity": "sha512-ZmdL2rui+eB2YwhsWzjInR8LldtZHGDoQ1ugH85ppHKwpUHL7j7rN0Ti9NCnGiQbhaZ11FpR+7ao1dNsmduNUg==",
      "dev": true
    },
    "fsevents": {
      "version": "2.3.2",
      "resolved": "https://registry.npmjs.org/fsevents/-/fsevents-2.3.2.tgz",
      "integrity": "sha512-xiqMQR4xAeHTuB9uWm+fFRcIOgKBMiOBP+eXiyT7jsgVCq1bkVygt00oASowB7EdtpOHaaPgKt812P9ab+DDKA==",
      "dev": true,
      "optional": true
    },
    "playwright": {
      "version": "1.46.0",
      "resolved": "https://registry.npmjs.org/playwright/-/playwright-1.46.0.tgz",
      "integrity": "sha512-XYJ5WvfefWONh1uPAUAi0H2xXV5S3vrtcnXe6uAOgdGi3aSpqOSXX08IAjXW34xitfuOJsvXU5anXZxPSEQiJw==",
      "dev": true,
      "requires": {
        "fsevents": "2.3.2",
        "playwright-core": "1.46.0"
      }
    },
    "playwright-core": {
      "version": "1.46.0",
      "resolved": "https://registry.npmjs.org/playwright-core/-/playwright-core-1.46.0.tgz",
      "integrity": "sha512-9Y/d5UIwuJk8t3+lhmMSAJyNP1BUC/DqP3cQJDQQL/oWqAiuPTLgy7Q5dzglmTLwcBRdetzgNM/gni7ckfTr6A==",
      "dev": true
    },
    "prettier": {
      "version": "3.3.2",
      "resolved": "https://registry.npmjs.org/prettier/-/prettier-3.3.2.tgz",
      "integrity": "sha512-rAVeHYMcv8ATV5d508CFdn+8/pHPpXeIid1DdrPwXnaAdH7cqjVbpJaT5eq4yRAFU/lsbwYwSF/n5iNrdJHPQA==",
      "dev": true
    },
    "typescript": {
      "version": "5.5.3",
      "resolved": "https://registry.npmjs.org/typescript/-/typescript-5.5.3.tgz",
      "integrity": "sha512-/hreyEujaB0w76zKo6717l3L0o/qEUtRgdvUBvlkhoWeOVMjMuHNHk0BRBzikzuGDqNmPQbg5ifMEqsHLiIUcQ==",
      "dev": true
    },
    "undici-types": {
      "version": "6.11.1",
      "resolved": "https://registry.npmjs.org/undici-types/-/undici-types-6.11.1.tgz",
      "integrity": "sha512-mIDEX2ek50x0OlRgxryxsenE5XaQD4on5U2inY7RApK3SOJpofyw7uW2AyfMKkhAxXIceo2DeWGVGwyvng1GNQ==",
      "dev": true
    }
  }
}
